
Microsoft Visual Studio Solution File, Format Version 12.00
# Visual Studio Version 17
VisualStudioVersion = 17.12.35707.178 d17.12
MinimumVisualStudioVersion = 10.0.40219.1
Project("{FAE04EC0-301F-11D3-BF4B-00C04F79EFBC}") = "CakeBuild", "CakeBuild\CakeBuild.csproj", "{384C6E29-AF65-4C05-BE10-D517AF532D93}"
EndProject
Project("{FAE04EC0-301F-11D3-BF4B-00C04F79EFBC}") = "EpxVe", "EpxVe\EpxVe.csproj", "{72660273-9709-4D16-9EFA-4ACAB82FAE87}"
EndProject
Global
	GlobalSection(SolutionConfigurationPlatforms) = preSolution
		Debug|Any CPU = Debug|Any CPU
		Release|Any CPU = Release|Any CPU
	EndGlobalSection
	GlobalSection(ProjectConfigurationPlatforms) = postSolution
		{384C6E29-AF65-4C05-BE10-D517AF532D93}.Debug|Any CPU.ActiveCfg = Debug|Any CPU
		{384C6E29-AF65-4C05-BE10-D517AF532D93}.Debug|Any CPU.Build.0 = Debug|Any CPU
		{384C6E29-AF65-4C05-BE10-D517AF532D93}.Release|Any CPU.ActiveCfg = Release|Any CPU
		{384C6E29-AF65-4C05-BE10-D517AF532D93}.Release|Any CPU.Build.0 = Release|Any CPU
		{72660273-9709-4D16-9EFA-4ACAB82FAE87}.Debug|Any CPU.ActiveCfg = Debug|Any CPU
		{72660273-9709-4D16-9EFA-4ACAB82FAE87}.Debug|Any CPU.Build.0 = Debug|Any CPU
		{72660273-9709-4D16-9EFA-4ACAB82FAE87}.Release|Any CPU.ActiveCfg = Release|Any CPU
		{72660273-9709-4D16-9EFA-4ACAB82FAE87}.Release|Any CPU.Build.0 = Release|Any CPU
	EndGlobalSection
	GlobalSection(SolutionProperties) = preSolution
		HideSolutionNode = FALSE
	EndGlobalSection
EndGlobal
