
Microsoft Visual Studio Solution File, Format Version 12.00
# Visual Studio Version 17
VisualStudioVersion = 17.12.35707.178 d17.12
MinimumVisualStudioVersion = 10.0.40219.1
Project("{FAE04EC0-301F-11D3-BF4B-00C04F79EFBC}") = "CakeBuild", "CakeBuild\CakeBuild.csproj", "{7D85FD26-023E-41D6-80C3-D0F7A877F2FA}"
EndProject
Project("{FAE04EC0-301F-11D3-BF4B-00C04F79EFBC}") = "DecoEngineering", "DecoEngineering\DecoEngineering.csproj", "{15F31CA2-C85C-4980-A14E-59535CCFE13B}"
EndProject
Global
	GlobalSection(SolutionConfigurationPlatforms) = preSolution
		Debug|Any CPU = Debug|Any CPU
		Release|Any CPU = Release|Any CPU
	EndGlobalSection
	GlobalSection(ProjectConfigurationPlatforms) = postSolution
		{7D85FD26-023E-41D6-80C3-D0F7A877F2FA}.Debug|Any CPU.ActiveCfg = Debug|Any CPU
		{7D85FD26-023E-41D6-80C3-D0F7A877F2FA}.Debug|Any CPU.Build.0 = Debug|Any CPU
		{7D85FD26-023E-41D6-80C3-D0F7A877F2FA}.Release|Any CPU.ActiveCfg = Release|Any CPU
		{7D85FD26-023E-41D6-80C3-D0F7A877F2FA}.Release|Any CPU.Build.0 = Release|Any CPU
		{15F31CA2-C85C-4980-A14E-59535CCFE13B}.Debug|Any CPU.ActiveCfg = Debug|Any CPU
		{15F31CA2-C85C-4980-A14E-59535CCFE13B}.Debug|Any CPU.Build.0 = Debug|Any CPU
		{15F31CA2-C85C-4980-A14E-59535CCFE13B}.Release|Any CPU.ActiveCfg = Release|Any CPU
		{15F31CA2-C85C-4980-A14E-59535CCFE13B}.Release|Any CPU.Build.0 = Release|Any CPU
	EndGlobalSection
	GlobalSection(SolutionProperties) = preSolution
		HideSolutionNode = FALSE
	EndGlobalSection
EndGlobal
