
Microsoft Visual Studio Solution File, Format Version 12.00
# Visual Studio Version 17
VisualStudioVersion = 17.12.35707.178 d17.12
MinimumVisualStudioVersion = 10.0.40219.1
Project("{FAE04EC0-301F-11D3-BF4B-00C04F79EFBC}") = "CakeBuild", "CakeBuild\CakeBuild.csproj", "{5AA197B2-D1F6-4A98-B8AE-5C6155BCB1A1}"
EndProject
Project("{FAE04EC0-301F-11D3-BF4B-00C04F79EFBC}") = "LensInterPatches", "LensInterPatches\LensInterPatches.csproj", "{B065D23A-E3BE-4BE2-B1C2-F30F2FCAE018}"
EndProject
Global
	GlobalSection(SolutionConfigurationPlatforms) = preSolution
		Debug|Any CPU = Debug|Any CPU
		Release|Any CPU = Release|Any CPU
	EndGlobalSection
	GlobalSection(ProjectConfigurationPlatforms) = postSolution
		{5AA197B2-D1F6-4A98-B8AE-5C6155BCB1A1}.Debug|Any CPU.ActiveCfg = Debug|Any CPU
		{5AA197B2-D1F6-4A98-B8AE-5C6155BCB1A1}.Debug|Any CPU.Build.0 = Debug|Any CPU
		{5AA197B2-D1F6-4A98-B8AE-5C6155BCB1A1}.Release|Any CPU.ActiveCfg = Release|Any CPU
		{5AA197B2-D1F6-4A98-B8AE-5C6155BCB1A1}.Release|Any CPU.Build.0 = Release|Any CPU
		{B065D23A-E3BE-4BE2-B1C2-F30F2FCAE018}.Debug|Any CPU.ActiveCfg = Debug|Any CPU
		{B065D23A-E3BE-4BE2-B1C2-F30F2FCAE018}.Debug|Any CPU.Build.0 = Debug|Any CPU
		{B065D23A-E3BE-4BE2-B1C2-F30F2FCAE018}.Release|Any CPU.ActiveCfg = Release|Any CPU
		{B065D23A-E3BE-4BE2-B1C2-F30F2FCAE018}.Release|Any CPU.Build.0 = Release|Any CPU
	EndGlobalSection
	GlobalSection(SolutionProperties) = preSolution
		HideSolutionNode = FALSE
	EndGlobalSection
EndGlobal
