
Microsoft Visual Studio Solution File, Format Version 12.00
# Visual Studio Version 17
VisualStudioVersion = 17.5.33627.172
MinimumVisualStudioVersion = 10.0.40219.1
Project("{FAE04EC0-301F-11D3-BF4B-00C04F79EFBC}") = "CakeBuild", "CakeBuild\CakeBuild.csproj", "{C19D623E-2597-4E11-8B13-58464A81DB12}"
EndProject
Project("{FAE04EC0-301F-11D3-BF4B-00C04F79EFBC}") = "LensClasses", "LensClasses\LensClasses.csproj", "{D194A1AB-DAC8-4374-93DC-75AC54A014F7}"
EndProject
Global
	GlobalSection(SolutionConfigurationPlatforms) = preSolution
		Debug|Any CPU = Debug|Any CPU
		Release|Any CPU = Release|Any CPU
	EndGlobalSection
	GlobalSection(ProjectConfigurationPlatforms) = postSolution
		{C19D623E-2597-4E11-8B13-58464A81DB12}.Debug|Any CPU.ActiveCfg = Debug|Any CPU
		{C19D623E-2597-4E11-8B13-58464A81DB12}.Debug|Any CPU.Build.0 = Debug|Any CPU
		{C19D623E-2597-4E11-8B13-58464A81DB12}.Release|Any CPU.ActiveCfg = Release|Any CPU
		{C19D623E-2597-4E11-8B13-58464A81DB12}.Release|Any CPU.Build.0 = Release|Any CPU
		{D194A1AB-DAC8-4374-93DC-75AC54A014F7}.Debug|Any CPU.ActiveCfg = Debug|Any CPU
		{D194A1AB-DAC8-4374-93DC-75AC54A014F7}.Debug|Any CPU.Build.0 = Debug|Any CPU
		{D194A1AB-DAC8-4374-93DC-75AC54A014F7}.Release|Any CPU.ActiveCfg = Release|Any CPU
		{D194A1AB-DAC8-4374-93DC-75AC54A014F7}.Release|Any CPU.Build.0 = Release|Any CPU
	EndGlobalSection
	GlobalSection(SolutionProperties) = preSolution
		HideSolutionNode = FALSE
	EndGlobalSection
	GlobalSection(ExtensibilityGlobals) = postSolution
		SolutionGuid = {7021320A-CC67-415B-A189-7B13A1CB5E57}
	EndGlobalSection
EndGlobal
